
Microsoft Visual Studio Solution File, Format Version 12.00
# Visual Studio Version 17
VisualStudioVersion = 17.13.35931.197 d17.13
MinimumVisualStudioVersion = 10.0.40219.1
Project("{FAE04EC0-301F-11D3-BF4B-00C04F79EFBC}") = "PhotoManager.API", "PhotoManager.API.csproj", "{6D1BDC59-6B48-431D-BDC7-AB60050C4247}"
EndProject
Project("{FAE04EC0-301F-11D3-BF4B-00C04F79EFBC}") = "PhotoManager.Data", "..\PhotoManager.Data\PhotoManager.Data.csproj", "{652BCEAA-4247-4FFC-8AC4-CC12F4926429}"
EndProject
Global
	GlobalSection(SolutionConfigurationPlatforms) = preSolution
		Debug|Any CPU = Debug|Any CPU
		Release|Any CPU = Release|Any CPU
	EndGlobalSection
	GlobalSection(ProjectConfigurationPlatforms) = postSolution
		{6D1BDC59-6B48-431D-BDC7-AB60050C4247}.Debug|Any CPU.ActiveCfg = Debug|Any CPU
		{6D1BDC59-6B48-431D-BDC7-AB60050C4247}.Debug|Any CPU.Build.0 = Debug|Any CPU
		{6D1BDC59-6B48-431D-BDC7-AB60050C4247}.Release|Any CPU.ActiveCfg = Release|Any CPU
		{6D1BDC59-6B48-431D-BDC7-AB60050C4247}.Release|Any CPU.Build.0 = Release|Any CPU
		{652BCEAA-4247-4FFC-8AC4-CC12F4926429}.Debug|Any CPU.ActiveCfg = Debug|Any CPU
		{652BCEAA-4247-4FFC-8AC4-CC12F4926429}.Debug|Any CPU.Build.0 = Debug|Any CPU
		{652BCEAA-4247-4FFC-8AC4-CC12F4926429}.Release|Any CPU.ActiveCfg = Release|Any CPU
		{652BCEAA-4247-4FFC-8AC4-CC12F4926429}.Release|Any CPU.Build.0 = Release|Any CPU
	EndGlobalSection
	GlobalSection(SolutionProperties) = preSolution
		HideSolutionNode = FALSE
	EndGlobalSection
	GlobalSection(ExtensibilityGlobals) = postSolution
		SolutionGuid = {B3183508-3DB9-4EFE-B100-A40E0BBE3D29}
	EndGlobalSection
EndGlobal
