
Microsoft Visual Studio Solution File, Format Version 12.00
# Visual Studio Version 17
VisualStudioVersion = 17.13.35931.197
MinimumVisualStudioVersion = 10.0.40219.1
Project("{FAE04EC0-301F-11D3-BF4B-00C04F79EFBC}") = "PhotoManager.Wpf", "PhotoManager.Wpf.csproj", "{681585CC-F526-4FF7-8FC9-EE751876B2B3}"
EndProject
Project("{FAE04EC0-301F-11D3-BF4B-00C04F79EFBC}") = "PhotoManager.Common", "..\PhotoManager.Common\PhotoManager.Common.csproj", "{58E94D38-E4E1-50D1-4BB0-FF986BDDE38A}"
EndProject
Global
	GlobalSection(SolutionConfigurationPlatforms) = preSolution
		Debug|Any CPU = Debug|Any CPU
		Release|Any CPU = Release|Any CPU
	EndGlobalSection
	GlobalSection(ProjectConfigurationPlatforms) = postSolution
		{681585CC-F526-4FF7-8FC9-EE751876B2B3}.Debug|Any CPU.ActiveCfg = Debug|Any CPU
		{681585CC-F526-4FF7-8FC9-EE751876B2B3}.Debug|Any CPU.Build.0 = Debug|Any CPU
		{681585CC-F526-4FF7-8FC9-EE751876B2B3}.Release|Any CPU.ActiveCfg = Release|Any CPU
		{681585CC-F526-4FF7-8FC9-EE751876B2B3}.Release|Any CPU.Build.0 = Release|Any CPU
		{58E94D38-E4E1-50D1-4BB0-FF986BDDE38A}.Debug|Any CPU.ActiveCfg = Debug|Any CPU
		{58E94D38-E4E1-50D1-4BB0-FF986BDDE38A}.Debug|Any CPU.Build.0 = Debug|Any CPU
		{58E94D38-E4E1-50D1-4BB0-FF986BDDE38A}.Release|Any CPU.ActiveCfg = Release|Any CPU
		{58E94D38-E4E1-50D1-4BB0-FF986BDDE38A}.Release|Any CPU.Build.0 = Release|Any CPU
	EndGlobalSection
	GlobalSection(SolutionProperties) = preSolution
		HideSolutionNode = FALSE
	EndGlobalSection
	GlobalSection(ExtensibilityGlobals) = postSolution
		SolutionGuid = {1AC75046-F940-4B0B-B767-3E85439D3181}
	EndGlobalSection
EndGlobal
